
Microsoft Visual Studio Solution File, Format Version 12.00
# Visual Studio Version 16
VisualStudioVersion = 16.0.30517.126
MinimumVisualStudioVersion = 10.0.40219.1
Project("{FAE04EC0-301F-11D3-BF4B-00C04F79EFBC}") = "TamuAPI", "TamuAPI\TamuAPI.csproj", "{B221F2B7-3E5B-46ED-8AE3-42315B5556C7}"
EndProject
Global
	GlobalSection(SolutionConfigurationPlatforms) = preSolution
		Debug|Any CPU = Debug|Any CPU
		Release|Any CPU = Release|Any CPU
	EndGlobalSection
	GlobalSection(ProjectConfigurationPlatforms) = postSolution
		{B221F2B7-3E5B-46ED-8AE3-42315B5556C7}.Debug|Any CPU.ActiveCfg = Debug|Any CPU
		{B221F2B7-3E5B-46ED-8AE3-42315B5556C7}.Debug|Any CPU.Build.0 = Debug|Any CPU
		{B221F2B7-3E5B-46ED-8AE3-42315B5556C7}.Release|Any CPU.ActiveCfg = Release|Any CPU
		{B221F2B7-3E5B-46ED-8AE3-42315B5556C7}.Release|Any CPU.Build.0 = Release|Any CPU
	EndGlobalSection
	GlobalSection(SolutionProperties) = preSolution
		HideSolutionNode = FALSE
	EndGlobalSection
	GlobalSection(ExtensibilityGlobals) = postSolution
		SolutionGuid = {2DDD4AB2-D08C-4EB1-A020-525E66AC69F9}
	EndGlobalSection
EndGlobal
